
Microsoft Visual Studio Solution File, Format Version 12.00
# Visual Studio Version 17
VisualStudioVersion = 17.3.32901.215
MinimumVisualStudioVersion = 10.0.40219.1
Project("{FAE04EC0-301F-11D3-BF4B-00C04F79EFBC}") = "Si-ITQ-Web", "Si-ITQ-Web\Si-ITQ-Web.csproj", "{0C358BA3-56D8-4D1A-B7DB-96F9F86C768D}"
EndProject
Global
	GlobalSection(SolutionConfigurationPlatforms) = preSolution
		Debug|Any CPU = Debug|Any CPU
		Release|Any CPU = Release|Any CPU
	EndGlobalSection
	GlobalSection(ProjectConfigurationPlatforms) = postSolution
		{0C358BA3-56D8-4D1A-B7DB-96F9F86C768D}.Debug|Any CPU.ActiveCfg = Debug|Any CPU
		{0C358BA3-56D8-4D1A-B7DB-96F9F86C768D}.Debug|Any CPU.Build.0 = Debug|Any CPU
		{0C358BA3-56D8-4D1A-B7DB-96F9F86C768D}.Release|Any CPU.ActiveCfg = Release|Any CPU
		{0C358BA3-56D8-4D1A-B7DB-96F9F86C768D}.Release|Any CPU.Build.0 = Release|Any CPU
	EndGlobalSection
	GlobalSection(SolutionProperties) = preSolution
		HideSolutionNode = FALSE
	EndGlobalSection
	GlobalSection(ExtensibilityGlobals) = postSolution
		SolutionGuid = {BF23DBDF-5888-4AF5-82FD-392DFAD57D1D}
	EndGlobalSection
EndGlobal
